// !$*UTF8*$!
{
	archiveVersion = 1;
	classes = {
	};
	objectVersion = 46;
	objects = {

/* Begin PBXBuildFile section */
		2A1DAC741D22EF8200992422 /* AppDelegate.swift in Sources */ = {isa = PBXBuildFile; fileRef = 2A1DAC731D22EF8200992422 /* AppDelegate.swift */; };
		2A1DAC761D22EF8200992422 /* ViewController.swift in Sources */ = {isa = PBXBuildFile; fileRef = 2A1DAC751D22EF8200992422 /* ViewController.swift */; };
		2A1DAC791D22EF8200992422 /* Main.storyboard in Resources */ = {isa = PBXBuildFile; fileRef = 2A1DAC771D22EF8200992422 /* Main.storyboard */; };
		2A1DAC7B1D22EF8300992422 /* Assets.xcassets in Resources */ = {isa = PBXBuildFile; fileRef = 2A1DAC7A1D22EF8300992422 /* Assets.xcassets */; };
		2A1DAC7E1D22EF8300992422 /* LaunchScreen.storyboard in Resources */ = {isa = PBXBuildFile; fileRef = 2A1DAC7C1D22EF8300992422 /* LaunchScreen.storyboard */; };
/* End PBXBuildFile section */

/* Begin PBXFileReference section */
		2A1DAC701D22EF8200992422 /* Sticker Madness.app */ = {isa = PBXFileReference; explicitFileType = wrapper.application; includeInIndex = 0; path = "Sticker Madness.app"; sourceTree = BUILT_PRODUCTS_DIR; };
		2A1DAC731D22EF8200992422 /* AppDelegate.swift */ = {isa = PBXFileReference; lastKnownFileType = sourcecode.swift; path = AppDelegate.swift; sourceTree = "<group>"; };
		2A1DAC751D22EF8200992422 /* ViewController.swift */ = {isa = PBXFileReference; lastKnownFileType = sourcecode.swift; path = ViewController.swift; sourceTree = "<group>"; };
		2A1DAC781D22EF8200992422 /* Base */ = {isa = PBXFileReference; lastKnownFileType = file.storyboard; name = Base; path = Base.lproj/Main.storyboard; sourceTree = "<group>"; };
		2A1DAC7A1D22EF8300992422 /* Assets.xcassets */ = {isa = PBXFileReference; lastKnownFileType = folder.assetcatalog; path = Assets.xcassets; sourceTree = "<group>"; };
		2A1DAC7D1D22EF8300992422 /* Base */ = {isa = PBXFileReference; lastKnownFileType = file.storyboard; name = Base; path = Base.lproj/LaunchScreen.storyboard; sourceTree = "<group>"; };
		2A1DAC7F1D22EF8300992422 /* Info.plist */ = {isa = PBXFileReference; lastKnownFileType = text.plist.xml; path = Info.plist; sourceTree = "<group>"; };
/* End PBXFileReference section */

/* Begin PBXFrameworksBuildPhase section */
		2A1DAC6D1D22EF8200992422 /* Frameworks */ = {
			isa = PBXFrameworksBuildPhase;
			buildActionMask = 2147483647;
			files = (
			);
			runOnlyForDeploymentPostprocessing = 0;
		};
/* End PBXFrameworksBuildPhase section */

/* Begin PBXGroup section */
		2A1DAC671D22EF8200992422 = {
			isa = PBXGroup;
			children = (
				2A1DAC721D22EF8200992422 /* Sticker Madness */,
				2A1DAC711D22EF8200992422 /* Products */,
			);
			sourceTree = "<group>";
		};
		2A1DAC711D22EF8200992422 /* Products */ = {
			isa = PBXGroup;
			children = (
				2A1DAC701D22EF8200992422 /* Sticker Madness.app */,
			);
			name = Products;
			sourceTree = "<group>";
		};
		2A1DAC721D22EF8200992422 /* Sticker Madness */ = {
			isa = PBXGroup;
			children = (
				2A1DAC731D22EF8200992422 /* AppDelegate.swift */,
				2A1DAC751D22EF8200992422 /* ViewController.swift */,
				2A1DAC771D22EF8200992422 /* Main.storyboard */,
				2A1DAC7A1D22EF8300992422 /* Assets.xcassets */,
				2A1DAC7C1D22EF8300992422 /* LaunchScreen.storyboard */,
				2A1DAC7F1D22EF8300992422 /* Info.plist */,
			);
			path = "Sticker Madness";
			sourceTree = "<group>";
		};
/* End PBXGroup section */

/* Begin PBXNativeTarget section */
		2A1DAC6F1D22EF8200992422 /* Sticker Madness */ = {
			isa = PBXNativeTarget;
			buildConfigurationList = 2A1DAC821D22EF8300992422 /* Build configuration list for PBXNativeTarget "Sticker Madness" */;
			buildPhases = (
				2A1DAC6C1D22EF8200992422 /* Sources */,
				2A1DAC6D1D22EF8200992422 /* Frameworks */,
				2A1DAC6E1D22EF8200992422 /* Resources */,
			);
			buildRules = (
			);
			dependencies = (
			);
			name = "Sticker Madness";
			productName = "Sticker Madness";
			productReference = 2A1DAC701D22EF8200992422 /* Sticker Madness.app */;
			productType = "com.apple.product-type.application";
		};
/* End PBXNativeTarget section */

/* Begin PBXProject section */
		2A1DAC681D22EF8200992422 /* Project object */ = {
			isa = PBXProject;
			attributes = {
				LastSwiftUpdateCheck = 0730;
				LastUpgradeCheck = 0730;
				ORGANIZATIONNAME = "Mehul Ajith";
				TargetAttributes = {
					2A1DAC6F1D22EF8200992422 = {
						CreatedOnToolsVersion = 7.3.1;
					};
				};
			};
			buildConfigurationList = 2A1DAC6B1D22EF8200992422 /* Build configuration list for PBXProject "Sticker Madness" */;
			compatibilityVersion = "Xcode 3.2";
			developmentRegion = English;
			hasScannedForEncodings = 0;
			knownRegions = (
				en,
				Base,
			);
			mainGroup = 2A1DAC671D22EF8200992422;
			productRefGroup = 2A1DAC711D22EF8200992422 /* Products */;
			projectDirPath = "";
			projectRoot = "";
			targets = (
				2A1DAC6F1D22EF8200992422 /* Sticker Madness */,
			);
		};
/* End PBXProject section */

/* Begin PBXResourcesBuildPhase section */
		2A1DAC6E1D22EF8200992422 /* Resources */ = {
			isa = PBXResourcesBuildPhase;
			buildActionMask = 2147483647;
			files = (
				2A1DAC7E1D22EF8300992422 /* LaunchScreen.storyboard in Resources */,
				2A1DAC7B1D22EF8300992422 /* Assets.xcassets in Resources */,
				2A1DAC791D22EF8200992422 /* Main.storyboard in Resources */,
			);
			runOnlyForDeploymentPostprocessing = 0;
		};
/* End PBXResourcesBuildPhase section */

/* Begin PBXSourcesBuildPhase section */
		2A1DAC6C1D22EF8200992422 /* Sources */ = {
			isa = PBXSourcesBuildPhase;
			buildActionMask = 2147483647;
			files = (
				2A1DAC761D22EF8200992422 /* ViewController.swift in Sources */,
				2A1DAC741D22EF8200992422 /* AppDelegate.swift in Sources */,
			);
			runOnlyForDeploymentPostprocessing = 0;
		};
/* End PBXSourcesBuildPhase section */

/* Begin PBXVariantGroup section */
		2A1DAC771D22EF8200992422 /* Main.storyboard */ = {
			isa = PBXVariantGroup;
			children = (
				2A1DAC781D22EF8200992422 /* Base */,
			);
			name = Main.storyboard;
			sourceTree = "<group>";
		};
		2A1DAC7C1D22EF8300992422 /* LaunchScreen.storyboard */ = {
			isa = PBXVariantGroup;
			children = (
				2A1DAC7D1D22EF8300992422 /* Base */,
			);
			name = LaunchScreen.storyboard;
			sourceTree = "<group>";
		};
/* End PBXVariantGroup section */

/* Begin XCBuildConfiguration section */
		2A1DAC801D22EF8300992422 /* Debug */ = {
			isa = XCBuildConfiguration;
			buildSettings = {
				ALWAYS_SEARCH_USER_PATHS = NO;
				CLANG_ANALYZER_NONNULL = YES;
				CLANG_CXX_LANGUAGE_STANDARD = "gnu++0x";
				CLANG_CXX_LIBRARY = "libc++";
				CLANG_ENABLE_MODULES = YES;
				CLANG_ENABLE_OBJC_ARC = YES;
				CLANG_WARN_BOOL_CONVERSION = YES;
				CLANG_WARN_CONSTANT_CONVERSION = YES;
				CLANG_WARN_DIRECT_OBJC_ISA_USAGE = YES_ERROR;
				CLANG_WARN_EMPTY_BODY = YES;
				CLANG_WARN_ENUM_CONVERSION = YES;
				CLANG_WARN_INT_CONVERSION = YES;
				CLANG_WARN_OBJC_ROOT_CLASS = YES_ERROR;
				CLANG_WARN_UNREACHABLE_CODE = YES;
				CLANG_WARN__DUPLICATE_METHOD_MATCH = YES;
				"CODE_SIGN_IDENTITY[sdk=iphoneos*]" = "iPhone Developer";
				COPY_PHASE_STRIP = NO;
				DEBUG_INFORMATION_FORMAT = dwarf;
				ENABLE_STRICT_OBJC_MSGSEND = YES;
				ENABLE_TESTABILITY = YES;
				GCC_C_LANGUAGE_STANDARD = gnu99;
				GCC_DYNAMIC_NO_PIC = NO;
				GCC_NO_COMMON_BLOCKS = YES;
				GCC_OPTIMIZATION_LEVEL = 0;
				GCC_PREPROCESSOR_DEFINITIONS = (
					"DEBUG=1",
					"$(inherited)",
				);
				GCC_WARN_64_TO_32_BIT_CONVERSION = YES;
				GCC_WARN_ABOUT_RETURN_TYPE = YES_ERROR;
				GCC_WARN_UNDECLARED_SELECTOR = YES;
				GCC_WARN_UNINITIALIZED_AUTOS = YES_AGGRESSIVE;
				GCC_WARN_UNUSED_FUNCTION = YES;
				GCC_WARN_UNUSED_VARIABLE = YES;
				IPHONEOS_DEPLOYMENT_TARGET = 9.3;
				MTL_ENABLE_DEBUG_INFO = YES;
				ONLY_ACTIVE_ARCH = YES;
				SDKROOT = iphoneos;
				SWIFT_OPTIMIZATION_LEVEL = "-Onone";
			};
			name = Debug;
		};
		2A1DAC811D22EF8300992422 /* Release */ = {
			isa = XCBuildConfiguration;
			buildSettings = {
				ALWAYS_SEARCH_USER_PATHS = NO;
				CLANG_ANALYZER_NONNULL = YES;
				CLANG_CXX_LANGUAGE_STANDARD = "gnu++0x";
				CLANG_CXX_LIBRARY = "libc++";
				CLANG_ENABLE_MODULES = YES;
				CLANG_ENABLE_OBJC_ARC = YES;
				CLANG_WARN_BOOL_CONVERSION = YES;
				CLANG_WARN_CONSTANT_CONVERSION = YES;
				CLANG_WARN_DIRECT_OBJC_ISA_USAGE = YES_ERROR;
				CLANG_WARN_EMPTY_BODY = YES;
				CLANG_WARN_ENUM_CONVERSION = YES;
				CLANG_WARN_INT_CONVERSION = YES;
				CLANG_WARN_OBJC_ROOT_CLASS = YES_ERROR;
				CLANG_WARN_UNREACHABLE_CODE = YES;
				CLANG_WARN__DUPLICATE_METHOD_MATCH = YES;
				"CODE_SIGN_IDENTITY[sdk=iphoneos*]" = "iPhone Developer";
				COPY_PHASE_STRIP = NO;
				DEBUG_INFORMATION_FORMAT = "dwarf-with-dsym";
				ENABLE_NS_ASSERTIONS = NO;
				ENABLE_STRICT_OBJC_MSGSEND = YES;
				GCC_C_LANGUAGE_STANDARD = gnu99;
				GCC_NO_COMMON_BLOCKS = YES;
				GCC_WARN_64_TO_32_BIT_CONVERSION = YES;
				GCC_WARN_ABOUT_RETURN_TYPE = YES_ERROR;
				GCC_WARN_UNDECLARED_SELECTOR = YES;
				GCC_WARN_UNINITIALIZED_AUTOS = YES_AGGRESSIVE;
				GCC_WARN_UNUSED_FUNCTION = YES;
				GCC_WARN_UNUSED_VARIABLE = YES;
				IPHONEOS_DEPLOYMENT_TARGET = 9.3;
				MTL_ENABLE_DEBUG_INFO = NO;
				SDKROOT = iphoneos;
				VALIDATE_PRODUCT = YES;
			};
			name = Release;
		};
		2A1DAC831D22EF8300992422 /* Debug */ = {
			isa = XCBuildConfiguration;
			buildSettings = {
				ASSETCATALOG_COMPILER_APPICON_NAME = AppIcon;
				INFOPLIST_FILE = "Sticker Madness/Info.plist";
				LD_RUNPATH_SEARCH_PATHS = "$(inherited) @executable_path/Frameworks";
				PRODUCT_BUNDLE_IDENTIFIER = "mehul.Sticker-Madness";
				PRODUCT_NAME = "$(TARGET_NAME)";
			};
			name = Debug;
		};
		2A1DAC841D22EF8300992422 /* Release */ = {
			isa = XCBuildConfiguration;
			buildSettings = {
				ASSETCATALOG_COMPILER_APPICON_NAME = AppIcon;
				INFOPLIST_FILE = "Sticker Madness/Info.plist";
				LD_RUNPATH_SEARCH_PATHS = "$(inherited) @executable_path/Frameworks";
				PRODUCT_BUNDLE_IDENTIFIER = "mehul.Sticker-Madness";
				PRODUCT_NAME = "$(TARGET_NAME)";
			};
			name = Release;
		};
/* End XCBuildConfiguration section */

/* Begin XCConfigurationList section */
		2A1DAC6B1D22EF8200992422 /* Build configuration list for PBXProject "Sticker Madness" */ = {
			isa = XCConfigurationList;
			buildConfigurations = (
				2A1DAC801D22EF8300992422 /* Debug */,
				2A1DAC811D22EF8300992422 /* Release */,
			);
			defaultConfigurationIsVisible = 0;
			defaultConfigurationName = Release;
		};
		2A1DAC821D22EF8300992422 /* Build configuration list for PBXNativeTarget "Sticker Madness" */ = {
			isa = XCConfigurationList;
			buildConfigurations = (
				2A1DAC831D22EF8300992422 /* Debug */,
				2A1DAC841D22EF8300992422 /* Release */,
			);
			defaultConfigurationIsVisible = 0;
		};
/* End XCConfigurationList section */
	};
	rootObject = 2A1DAC681D22EF8200992422 /* Project object */;
}
